
Microsoft Visual Studio Solution File, Format Version 12.00
# Visual Studio Version 16
VisualStudioVersion = 16.0.31025.194
MinimumVisualStudioVersion = 10.0.40219.1
Project("{FAE04EC0-301F-11D3-BF4B-00C04F79EFBC}") = "Ex06", "Ex06\Ex06.csproj", "{36D134D2-C373-45CB-93AC-BB1C82D02117}"
EndProject
Global
	GlobalSection(SolutionConfigurationPlatforms) = preSolution
		Debug|Any CPU = Debug|Any CPU
		Release|Any CPU = Release|Any CPU
	EndGlobalSection
	GlobalSection(ProjectConfigurationPlatforms) = postSolution
		{36D134D2-C373-45CB-93AC-BB1C82D02117}.Debug|Any CPU.ActiveCfg = Debug|Any CPU
		{36D134D2-C373-45CB-93AC-BB1C82D02117}.Debug|Any CPU.Build.0 = Debug|Any CPU
		{36D134D2-C373-45CB-93AC-BB1C82D02117}.Release|Any CPU.ActiveCfg = Release|Any CPU
		{36D134D2-C373-45CB-93AC-BB1C82D02117}.Release|Any CPU.Build.0 = Release|Any CPU
	EndGlobalSection
	GlobalSection(SolutionProperties) = preSolution
		HideSolutionNode = FALSE
	EndGlobalSection
	GlobalSection(ExtensibilityGlobals) = postSolution
		SolutionGuid = {D419529E-C3AB-4639-AA1D-AC4E381FD55C}
	EndGlobalSection
EndGlobal
