
Microsoft Visual Studio Solution File, Format Version 12.00
# Visual Studio Version 16
VisualStudioVersion = 16.0.31025.194
MinimumVisualStudioVersion = 10.0.40219.1
Project("{FAE04EC0-301F-11D3-BF4B-00C04F79EFBC}") = "Ex05", "Ex05\Ex05.csproj", "{8CD9E861-3FD2-40F2-9986-5F3374DE404B}"
EndProject
Global
	GlobalSection(SolutionConfigurationPlatforms) = preSolution
		Debug|Any CPU = Debug|Any CPU
		Release|Any CPU = Release|Any CPU
	EndGlobalSection
	GlobalSection(ProjectConfigurationPlatforms) = postSolution
		{8CD9E861-3FD2-40F2-9986-5F3374DE404B}.Debug|Any CPU.ActiveCfg = Debug|Any CPU
		{8CD9E861-3FD2-40F2-9986-5F3374DE404B}.Debug|Any CPU.Build.0 = Debug|Any CPU
		{8CD9E861-3FD2-40F2-9986-5F3374DE404B}.Release|Any CPU.ActiveCfg = Release|Any CPU
		{8CD9E861-3FD2-40F2-9986-5F3374DE404B}.Release|Any CPU.Build.0 = Release|Any CPU
	EndGlobalSection
	GlobalSection(SolutionProperties) = preSolution
		HideSolutionNode = FALSE
	EndGlobalSection
	GlobalSection(ExtensibilityGlobals) = postSolution
		SolutionGuid = {842A5651-B952-48F3-82EB-DA3970B07748}
	EndGlobalSection
EndGlobal
