
Microsoft Visual Studio Solution File, Format Version 12.00
# Visual Studio Version 16
VisualStudioVersion = 16.0.31025.194
MinimumVisualStudioVersion = 10.0.40219.1
Project("{FAE04EC0-301F-11D3-BF4B-00C04F79EFBC}") = "Ex03", "Ex03\Ex03.csproj", "{A2106F07-AF1C-42C6-AF31-2CB518C9A063}"
EndProject
Global
	GlobalSection(SolutionConfigurationPlatforms) = preSolution
		Debug|Any CPU = Debug|Any CPU
		Release|Any CPU = Release|Any CPU
	EndGlobalSection
	GlobalSection(ProjectConfigurationPlatforms) = postSolution
		{A2106F07-AF1C-42C6-AF31-2CB518C9A063}.Debug|Any CPU.ActiveCfg = Debug|Any CPU
		{A2106F07-AF1C-42C6-AF31-2CB518C9A063}.Debug|Any CPU.Build.0 = Debug|Any CPU
		{A2106F07-AF1C-42C6-AF31-2CB518C9A063}.Release|Any CPU.ActiveCfg = Release|Any CPU
		{A2106F07-AF1C-42C6-AF31-2CB518C9A063}.Release|Any CPU.Build.0 = Release|Any CPU
	EndGlobalSection
	GlobalSection(SolutionProperties) = preSolution
		HideSolutionNode = FALSE
	EndGlobalSection
	GlobalSection(ExtensibilityGlobals) = postSolution
		SolutionGuid = {DC9D4BB6-7815-4933-A6E0-6051CC294AC4}
	EndGlobalSection
EndGlobal
