
Microsoft Visual Studio Solution File, Format Version 12.00
# Visual Studio Version 16
VisualStudioVersion = 16.0.31025.194
MinimumVisualStudioVersion = 10.0.40219.1
Project("{FAE04EC0-301F-11D3-BF4B-00C04F79EFBC}") = "Ex01", "Ex01\Ex01.csproj", "{91C726FB-E89C-47CA-8032-6F8147FA044F}"
EndProject
Global
	GlobalSection(SolutionConfigurationPlatforms) = preSolution
		Debug|Any CPU = Debug|Any CPU
		Release|Any CPU = Release|Any CPU
	EndGlobalSection
	GlobalSection(ProjectConfigurationPlatforms) = postSolution
		{91C726FB-E89C-47CA-8032-6F8147FA044F}.Debug|Any CPU.ActiveCfg = Debug|Any CPU
		{91C726FB-E89C-47CA-8032-6F8147FA044F}.Debug|Any CPU.Build.0 = Debug|Any CPU
		{91C726FB-E89C-47CA-8032-6F8147FA044F}.Release|Any CPU.ActiveCfg = Release|Any CPU
		{91C726FB-E89C-47CA-8032-6F8147FA044F}.Release|Any CPU.Build.0 = Release|Any CPU
	EndGlobalSection
	GlobalSection(SolutionProperties) = preSolution
		HideSolutionNode = FALSE
	EndGlobalSection
	GlobalSection(ExtensibilityGlobals) = postSolution
		SolutionGuid = {AFFCD372-6D1B-4E31-8557-F1973A9EC3B0}
	EndGlobalSection
EndGlobal
