
Microsoft Visual Studio Solution File, Format Version 12.00
# Visual Studio Version 16
VisualStudioVersion = 16.0.31025.194
MinimumVisualStudioVersion = 10.0.40219.1
Project("{FAE04EC0-301F-11D3-BF4B-00C04F79EFBC}") = "Ex06", "Ex06\Ex06.csproj", "{05E55726-8561-4210-A0DF-BC6F16B7A71E}"
EndProject
Global
	GlobalSection(SolutionConfigurationPlatforms) = preSolution
		Debug|Any CPU = Debug|Any CPU
		Release|Any CPU = Release|Any CPU
	EndGlobalSection
	GlobalSection(ProjectConfigurationPlatforms) = postSolution
		{05E55726-8561-4210-A0DF-BC6F16B7A71E}.Debug|Any CPU.ActiveCfg = Debug|Any CPU
		{05E55726-8561-4210-A0DF-BC6F16B7A71E}.Debug|Any CPU.Build.0 = Debug|Any CPU
		{05E55726-8561-4210-A0DF-BC6F16B7A71E}.Release|Any CPU.ActiveCfg = Release|Any CPU
		{05E55726-8561-4210-A0DF-BC6F16B7A71E}.Release|Any CPU.Build.0 = Release|Any CPU
	EndGlobalSection
	GlobalSection(SolutionProperties) = preSolution
		HideSolutionNode = FALSE
	EndGlobalSection
	GlobalSection(ExtensibilityGlobals) = postSolution
		SolutionGuid = {1D90A291-F7BD-45C5-8821-C148DD72A8B3}
	EndGlobalSection
EndGlobal
