
Microsoft Visual Studio Solution File, Format Version 12.00
# Visual Studio Version 16
VisualStudioVersion = 16.0.31025.194
MinimumVisualStudioVersion = 10.0.40219.1
Project("{FAE04EC0-301F-11D3-BF4B-00C04F79EFBC}") = "Ex07", "Ex07\Ex07.csproj", "{67148368-176B-4026-8B04-FDB9B7D4C8BD}"
EndProject
Global
	GlobalSection(SolutionConfigurationPlatforms) = preSolution
		Debug|Any CPU = Debug|Any CPU
		Release|Any CPU = Release|Any CPU
	EndGlobalSection
	GlobalSection(ProjectConfigurationPlatforms) = postSolution
		{67148368-176B-4026-8B04-FDB9B7D4C8BD}.Debug|Any CPU.ActiveCfg = Debug|Any CPU
		{67148368-176B-4026-8B04-FDB9B7D4C8BD}.Debug|Any CPU.Build.0 = Debug|Any CPU
		{67148368-176B-4026-8B04-FDB9B7D4C8BD}.Release|Any CPU.ActiveCfg = Release|Any CPU
		{67148368-176B-4026-8B04-FDB9B7D4C8BD}.Release|Any CPU.Build.0 = Release|Any CPU
	EndGlobalSection
	GlobalSection(SolutionProperties) = preSolution
		HideSolutionNode = FALSE
	EndGlobalSection
	GlobalSection(ExtensibilityGlobals) = postSolution
		SolutionGuid = {3EF7DB23-C821-4AB1-BBF9-246AA3D270C1}
	EndGlobalSection
EndGlobal
